// !$*UTF8*$!
{
	archiveVersion = 1;
	classes = {
	};
	objectVersion = 50;
	objects = {

/* Begin PBXBuildFile section */
		88B72C9F24CEBDAC00D7AC91 /* AppDelegate.m in Sources */ = {isa = PBXBuildFile; fileRef = 88B72C9E24CEBDAC00D7AC91 /* AppDelegate.m */; };
		88B72CA524CEBDAC00D7AC91 /* ViewController.m in Sources */ = {isa = PBXBuildFile; fileRef = 88B72CA424CEBDAC00D7AC91 /* ViewController.m */; };
		88B72CA824CEBDAC00D7AC91 /* Main.storyboard in Resources */ = {isa = PBXBuildFile; fileRef = 88B72CA624CEBDAC00D7AC91 /* Main.storyboard */; };
		88B72CAA24CEBDB400D7AC91 /* Assets.xcassets in Resources */ = {isa = PBXBuildFile; fileRef = 88B72CA924CEBDB400D7AC91 /* Assets.xcassets */; };
		88B72CAD24CEBDB400D7AC91 /* LaunchScreen.storyboard in Resources */ = {isa = PBXBuildFile; fileRef = 88B72CAB24CEBDB400D7AC91 /* LaunchScreen.storyboard */; };
		88B72CB024CEBDB400D7AC91 /* main.m in Sources */ = {isa = PBXBuildFile; fileRef = 88B72CAF24CEBDB400D7AC91 /* main.m */; };
		88B72CB924CEC7C600D7AC91 /* timg.jpeg in Resources */ = {isa = PBXBuildFile; fileRef = 88B72CB824CEC7C600D7AC91 /* timg.jpeg */; };
/* End PBXBuildFile section */

/* Begin PBXFileReference section */
		88B72C9A24CEBDAC00D7AC91 /* GLCubeAnimationProduct.app */ = {isa = PBXFileReference; explicitFileType = wrapper.application; includeInIndex = 0; path = GLCubeAnimationProduct.app; sourceTree = BUILT_PRODUCTS_DIR; };
		88B72C9D24CEBDAC00D7AC91 /* AppDelegate.h */ = {isa = PBXFileReference; lastKnownFileType = sourcecode.c.h; path = AppDelegate.h; sourceTree = "<group>"; };
		88B72C9E24CEBDAC00D7AC91 /* AppDelegate.m */ = {isa = PBXFileReference; lastKnownFileType = sourcecode.c.objc; path = AppDelegate.m; sourceTree = "<group>"; };
		88B72CA324CEBDAC00D7AC91 /* ViewController.h */ = {isa = PBXFileReference; lastKnownFileType = sourcecode.c.h; path = ViewController.h; sourceTree = "<group>"; };
		88B72CA424CEBDAC00D7AC91 /* ViewController.m */ = {isa = PBXFileReference; lastKnownFileType = sourcecode.c.objc; path = ViewController.m; sourceTree = "<group>"; };
		88B72CA724CEBDAC00D7AC91 /* Base */ = {isa = PBXFileReference; lastKnownFileType = file.storyboard; name = Base; path = Base.lproj/Main.storyboard; sourceTree = "<group>"; };
		88B72CA924CEBDB400D7AC91 /* Assets.xcassets */ = {isa = PBXFileReference; lastKnownFileType = folder.assetcatalog; path = Assets.xcassets; sourceTree = "<group>"; };
		88B72CAC24CEBDB400D7AC91 /* Base */ = {isa = PBXFileReference; lastKnownFileType = file.storyboard; name = Base; path = Base.lproj/LaunchScreen.storyboard; sourceTree = "<group>"; };
		88B72CAE24CEBDB400D7AC91 /* Info.plist */ = {isa = PBXFileReference; lastKnownFileType = text.plist.xml; path = Info.plist; sourceTree = "<group>"; };
		88B72CAF24CEBDB400D7AC91 /* main.m */ = {isa = PBXFileReference; lastKnownFileType = sourcecode.c.objc; path = main.m; sourceTree = "<group>"; };
		88B72CB824CEC7C600D7AC91 /* timg.jpeg */ = {isa = PBXFileReference; lastKnownFileType = image.jpeg; path = timg.jpeg; sourceTree = "<group>"; };
/* End PBXFileReference section */

/* Begin PBXFrameworksBuildPhase section */
		88B72C9724CEBDAC00D7AC91 /* Frameworks */ = {
			isa = PBXFrameworksBuildPhase;
			buildActionMask = 2147483647;
			files = (
			);
			runOnlyForDeploymentPostprocessing = 0;
		};
/* End PBXFrameworksBuildPhase section */

/* Begin PBXGroup section */
		88B72C9124CEBDAC00D7AC91 = {
			isa = PBXGroup;
			children = (
				88B72C9C24CEBDAC00D7AC91 /* GLCubeAnimationProduct */,
				88B72C9B24CEBDAC00D7AC91 /* Products */,
			);
			sourceTree = "<group>";
		};
		88B72C9B24CEBDAC00D7AC91 /* Products */ = {
			isa = PBXGroup;
			children = (
				88B72C9A24CEBDAC00D7AC91 /* GLCubeAnimationProduct.app */,
			);
			name = Products;
			sourceTree = "<group>";
		};
		88B72C9C24CEBDAC00D7AC91 /* GLCubeAnimationProduct */ = {
			isa = PBXGroup;
			children = (
				88B72C9D24CEBDAC00D7AC91 /* AppDelegate.h */,
				88B72C9E24CEBDAC00D7AC91 /* AppDelegate.m */,
				88B72CA324CEBDAC00D7AC91 /* ViewController.h */,
				88B72CA424CEBDAC00D7AC91 /* ViewController.m */,
				88B72CB824CEC7C600D7AC91 /* timg.jpeg */,
				88B72CA624CEBDAC00D7AC91 /* Main.storyboard */,
				88B72CA924CEBDB400D7AC91 /* Assets.xcassets */,
				88B72CAB24CEBDB400D7AC91 /* LaunchScreen.storyboard */,
				88B72CAE24CEBDB400D7AC91 /* Info.plist */,
				88B72CAF24CEBDB400D7AC91 /* main.m */,
			);
			path = GLCubeAnimationProduct;
			sourceTree = "<group>";
		};
/* End PBXGroup section */

/* Begin PBXNativeTarget section */
		88B72C9924CEBDAC00D7AC91 /* GLCubeAnimationProduct */ = {
			isa = PBXNativeTarget;
			buildConfigurationList = 88B72CB324CEBDB400D7AC91 /* Build configuration list for PBXNativeTarget "GLCubeAnimationProduct" */;
			buildPhases = (
				88B72C9624CEBDAC00D7AC91 /* Sources */,
				88B72C9724CEBDAC00D7AC91 /* Frameworks */,
				88B72C9824CEBDAC00D7AC91 /* Resources */,
			);
			buildRules = (
			);
			dependencies = (
			);
			name = GLCubeAnimationProduct;
			productName = GLCubeAnimationProduct;
			productReference = 88B72C9A24CEBDAC00D7AC91 /* GLCubeAnimationProduct.app */;
			productType = "com.apple.product-type.application";
		};
/* End PBXNativeTarget section */

/* Begin PBXProject section */
		88B72C9224CEBDAC00D7AC91 /* Project object */ = {
			isa = PBXProject;
			attributes = {
				LastUpgradeCheck = 1130;
				ORGANIZATIONNAME = iMac;
				TargetAttributes = {
					88B72C9924CEBDAC00D7AC91 = {
						CreatedOnToolsVersion = 11.3.1;
					};
				};
			};
			buildConfigurationList = 88B72C9524CEBDAC00D7AC91 /* Build configuration list for PBXProject "GLCubeAnimationProduct" */;
			compatibilityVersion = "Xcode 9.3";
			developmentRegion = en;
			hasScannedForEncodings = 0;
			knownRegions = (
				en,
				Base,
			);
			mainGroup = 88B72C9124CEBDAC00D7AC91;
			productRefGroup = 88B72C9B24CEBDAC00D7AC91 /* Products */;
			projectDirPath = "";
			projectRoot = "";
			targets = (
				88B72C9924CEBDAC00D7AC91 /* GLCubeAnimationProduct */,
			);
		};
/* End PBXProject section */

/* Begin PBXResourcesBuildPhase section */
		88B72C9824CEBDAC00D7AC91 /* Resources */ = {
			isa = PBXResourcesBuildPhase;
			buildActionMask = 2147483647;
			files = (
				88B72CAD24CEBDB400D7AC91 /* LaunchScreen.storyboard in Resources */,
				88B72CAA24CEBDB400D7AC91 /* Assets.xcassets in Resources */,
				88B72CB924CEC7C600D7AC91 /* timg.jpeg in Resources */,
				88B72CA824CEBDAC00D7AC91 /* Main.storyboard in Resources */,
			);
			runOnlyForDeploymentPostprocessing = 0;
		};
/* End PBXResourcesBuildPhase section */

/* Begin PBXSourcesBuildPhase section */
		88B72C9624CEBDAC00D7AC91 /* Sources */ = {
			isa = PBXSourcesBuildPhase;
			buildActionMask = 2147483647;
			files = (
				88B72CA524CEBDAC00D7AC91 /* ViewController.m in Sources */,
				88B72C9F24CEBDAC00D7AC91 /* AppDelegate.m in Sources */,
				88B72CB024CEBDB400D7AC91 /* main.m in Sources */,
			);
			runOnlyForDeploymentPostprocessing = 0;
		};
/* End PBXSourcesBuildPhase section */

/* Begin PBXVariantGroup section */
		88B72CA624CEBDAC00D7AC91 /* Main.storyboard */ = {
			isa = PBXVariantGroup;
			children = (
				88B72CA724CEBDAC00D7AC91 /* Base */,
			);
			name = Main.storyboard;
			sourceTree = "<group>";
		};
		88B72CAB24CEBDB400D7AC91 /* LaunchScreen.storyboard */ = {
			isa = PBXVariantGroup;
			children = (
				88B72CAC24CEBDB400D7AC91 /* Base */,
			);
			name = LaunchScreen.storyboard;
			sourceTree = "<group>";
		};
/* End PBXVariantGroup section */

/* Begin XCBuildConfiguration section */
		88B72CB124CEBDB400D7AC91 /* Debug */ = {
			isa = XCBuildConfiguration;
			buildSettings = {
				ALWAYS_SEARCH_USER_PATHS = NO;
				CLANG_ANALYZER_NONNULL = YES;
				CLANG_ANALYZER_NUMBER_OBJECT_CONVERSION = YES_AGGRESSIVE;
				CLANG_CXX_LANGUAGE_STANDARD = "gnu++14";
				CLANG_CXX_LIBRARY = "libc++";
				CLANG_ENABLE_MODULES = YES;
				CLANG_ENABLE_OBJC_ARC = YES;
				CLANG_ENABLE_OBJC_WEAK = YES;
				CLANG_WARN_BLOCK_CAPTURE_AUTORELEASING = YES;
				CLANG_WARN_BOOL_CONVERSION = YES;
				CLANG_WARN_COMMA = YES;
				CLANG_WARN_CONSTANT_CONVERSION = YES;
				CLANG_WARN_DEPRECATED_OBJC_IMPLEMENTATIONS = YES;
				CLANG_WARN_DIRECT_OBJC_ISA_USAGE = YES_ERROR;
				CLANG_WARN_DOCUMENTATION_COMMENTS = YES;
				CLANG_WARN_EMPTY_BODY = YES;
				CLANG_WARN_ENUM_CONVERSION = YES;
				CLANG_WARN_INFINITE_RECURSION = YES;
				CLANG_WARN_INT_CONVERSION = YES;
				CLANG_WARN_NON_LITERAL_NULL_CONVERSION = YES;
				CLANG_WARN_OBJC_IMPLICIT_RETAIN_SELF = YES;
				CLANG_WARN_OBJC_LITERAL_CONVERSION = YES;
				CLANG_WARN_OBJC_ROOT_CLASS = YES_ERROR;
				CLANG_WARN_RANGE_LOOP_ANALYSIS = YES;
				CLANG_WARN_STRICT_PROTOTYPES = YES;
				CLANG_WARN_SUSPICIOUS_MOVE = YES;
				CLANG_WARN_UNGUARDED_AVAILABILITY = YES_AGGRESSIVE;
				CLANG_WARN_UNREACHABLE_CODE = YES;
				CLANG_WARN__DUPLICATE_METHOD_MATCH = YES;
				COPY_PHASE_STRIP = NO;
				DEBUG_INFORMATION_FORMAT = dwarf;
				ENABLE_STRICT_OBJC_MSGSEND = YES;
				ENABLE_TESTABILITY = YES;
				GCC_C_LANGUAGE_STANDARD = gnu11;
				GCC_DYNAMIC_NO_PIC = NO;
				GCC_NO_COMMON_BLOCKS = YES;
				GCC_OPTIMIZATION_LEVEL = 0;
				GCC_PREPROCESSOR_DEFINITIONS = (
					"DEBUG=1",
					"$(inherited)",
				);
				GCC_WARN_64_TO_32_BIT_CONVERSION = YES;
				GCC_WARN_ABOUT_RETURN_TYPE = YES_ERROR;
				GCC_WARN_UNDECLARED_SELECTOR = YES;
				GCC_WARN_UNINITIALIZED_AUTOS = YES_AGGRESSIVE;
				GCC_WARN_UNUSED_FUNCTION = YES;
				GCC_WARN_UNUSED_VARIABLE = YES;
				IPHONEOS_DEPLOYMENT_TARGET = 13.2;
				MTL_ENABLE_DEBUG_INFO = INCLUDE_SOURCE;
				MTL_FAST_MATH = YES;
				ONLY_ACTIVE_ARCH = YES;
				SDKROOT = iphoneos;
			};
			name = Debug;
		};
		88B72CB224CEBDB400D7AC91 /* Release */ = {
			isa = XCBuildConfiguration;
			buildSettings = {
				ALWAYS_SEARCH_USER_PATHS = NO;
				CLANG_ANALYZER_NONNULL = YES;
				CLANG_ANALYZER_NUMBER_OBJECT_CONVERSION = YES_AGGRESSIVE;
				CLANG_CXX_LANGUAGE_STANDARD = "gnu++14";
				CLANG_CXX_LIBRARY = "libc++";
				CLANG_ENABLE_MODULES = YES;
				CLANG_ENABLE_OBJC_ARC = YES;
				CLANG_ENABLE_OBJC_WEAK = YES;
				CLANG_WARN_BLOCK_CAPTURE_AUTORELEASING = YES;
				CLANG_WARN_BOOL_CONVERSION = YES;
				CLANG_WARN_COMMA = YES;
				CLANG_WARN_CONSTANT_CONVERSION = YES;
				CLANG_WARN_DEPRECATED_OBJC_IMPLEMENTATIONS = YES;
				CLANG_WARN_DIRECT_OBJC_ISA_USAGE = YES_ERROR;
				CLANG_WARN_DOCUMENTATION_COMMENTS = YES;
				CLANG_WARN_EMPTY_BODY = YES;
				CLANG_WARN_ENUM_CONVERSION = YES;
				CLANG_WARN_INFINITE_RECURSION = YES;
				CLANG_WARN_INT_CONVERSION = YES;
				CLANG_WARN_NON_LITERAL_NULL_CONVERSION = YES;
				CLANG_WARN_OBJC_IMPLICIT_RETAIN_SELF = YES;
				CLANG_WARN_OBJC_LITERAL_CONVERSION = YES;
				CLANG_WARN_OBJC_ROOT_CLASS = YES_ERROR;
				CLANG_WARN_RANGE_LOOP_ANALYSIS = YES;
				CLANG_WARN_STRICT_PROTOTYPES = YES;
				CLANG_WARN_SUSPICIOUS_MOVE = YES;
				CLANG_WARN_UNGUARDED_AVAILABILITY = YES_AGGRESSIVE;
				CLANG_WARN_UNREACHABLE_CODE = YES;
				CLANG_WARN__DUPLICATE_METHOD_MATCH = YES;
				COPY_PHASE_STRIP = NO;
				DEBUG_INFORMATION_FORMAT = "dwarf-with-dsym";
				ENABLE_NS_ASSERTIONS = NO;
				ENABLE_STRICT_OBJC_MSGSEND = YES;
				GCC_C_LANGUAGE_STANDARD = gnu11;
				GCC_NO_COMMON_BLOCKS = YES;
				GCC_WARN_64_TO_32_BIT_CONVERSION = YES;
				GCC_WARN_ABOUT_RETURN_TYPE = YES_ERROR;
				GCC_WARN_UNDECLARED_SELECTOR = YES;
				GCC_WARN_UNINITIALIZED_AUTOS = YES_AGGRESSIVE;
				GCC_WARN_UNUSED_FUNCTION = YES;
				GCC_WARN_UNUSED_VARIABLE = YES;
				IPHONEOS_DEPLOYMENT_TARGET = 13.2;
				MTL_ENABLE_DEBUG_INFO = NO;
				MTL_FAST_MATH = YES;
				SDKROOT = iphoneos;
				VALIDATE_PRODUCT = YES;
			};
			name = Release;
		};
		88B72CB424CEBDB400D7AC91 /* Debug */ = {
			isa = XCBuildConfiguration;
			buildSettings = {
				ASSETCATALOG_COMPILER_APPICON_NAME = AppIcon;
				CODE_SIGN_STYLE = Automatic;
				DEVELOPMENT_TEAM = 9U5K8ASG8Q;
				INFOPLIST_FILE = GLCubeAnimationProduct/Info.plist;
				IPHONEOS_DEPLOYMENT_TARGET = 9.0;
				LD_RUNPATH_SEARCH_PATHS = (
					"$(inherited)",
					"@executable_path/Frameworks",
				);
				PRODUCT_BUNDLE_IDENTIFIER = com.ssjh.GLCubeAnimationProduct;
				PRODUCT_NAME = "$(TARGET_NAME)";
				TARGETED_DEVICE_FAMILY = "1,2";
				WARNING_CFLAGS = "";
			};
			name = Debug;
		};
		88B72CB524CEBDB400D7AC91 /* Release */ = {
			isa = XCBuildConfiguration;
			buildSettings = {
				ASSETCATALOG_COMPILER_APPICON_NAME = AppIcon;
				CODE_SIGN_STYLE = Automatic;
				DEVELOPMENT_TEAM = 9U5K8ASG8Q;
				INFOPLIST_FILE = GLCubeAnimationProduct/Info.plist;
				IPHONEOS_DEPLOYMENT_TARGET = 9.0;
				LD_RUNPATH_SEARCH_PATHS = (
					"$(inherited)",
					"@executable_path/Frameworks",
				);
				PRODUCT_BUNDLE_IDENTIFIER = com.ssjh.GLCubeAnimationProduct;
				PRODUCT_NAME = "$(TARGET_NAME)";
				TARGETED_DEVICE_FAMILY = "1,2";
				WARNING_CFLAGS = "";
			};
			name = Release;
		};
/* End XCBuildConfiguration section */

/* Begin XCConfigurationList section */
		88B72C9524CEBDAC00D7AC91 /* Build configuration list for PBXProject "GLCubeAnimationProduct" */ = {
			isa = XCConfigurationList;
			buildConfigurations = (
				88B72CB124CEBDB400D7AC91 /* Debug */,
				88B72CB224CEBDB400D7AC91 /* Release */,
			);
			defaultConfigurationIsVisible = 0;
			defaultConfigurationName = Release;
		};
		88B72CB324CEBDB400D7AC91 /* Build configuration list for PBXNativeTarget "GLCubeAnimationProduct" */ = {
			isa = XCConfigurationList;
			buildConfigurations = (
				88B72CB424CEBDB400D7AC91 /* Debug */,
				88B72CB524CEBDB400D7AC91 /* Release */,
			);
			defaultConfigurationIsVisible = 0;
			defaultConfigurationName = Release;
		};
/* End XCConfigurationList section */
	};
	rootObject = 88B72C9224CEBDAC00D7AC91 /* Project object */;
}
